<?xml version="1.0" encoding="UTF-8" standalone="yes" ?>
<CodeBlocks_project_file>
	<FileVersion major="1" minor="6" />
	<Project>
		<Option title="equationsolver" />
		<Option pch_mode="2" />
		<Option compiler="gcc" />
		<Build>
			<Target title="Debug">
				<Option output="bin/Debug/equationsolver" prefix_auto="1" extension_auto="1" />
				<Option object_output="obj/Debug/" />
				<Option type="1" />
				<Option compiler="gcc" />
				<Option parameters=" 1,1  3,1  1,2  3,3   207,34,215,7,94,163,12,247,36,71,140,48,15,6,252,186,45,183,53,125,181,122,7,253,121,115,203,185,63,172,170,149,101,118,131,48,233,143,202,226,214,47,237,114,96,59,114,30,110,93,137,147,176,161,127,14,228,74,249,196,129,180,194,42,3,27,39,123,16,148,32,173,113,31,149,124,190,181,198,34,168,204,45,249,50,235,179,81,145,161,186,145,243,208,138,169,33,45,170,150,177,60,117,120,200,32,34,114,72,166,120,111,54,89,9,226,240,236,139,199,26,237,197,151,86,59,163,205,47,51,123,83,37,230,112,8,107,195,205,85,58,251,254,224,27,14,29,67,217,84,70,147,158,178,180,19,139,76,102,174,228,4,243,137,224,81,143,196,74,80,25,51,44,178,104,9,95,147,95,179,11,126,135,1,38,92,38,65,249,157,120,6,69,8,77,191,226,138,80,207,24,249,111,37,65,138,59,41,70,194,210,129,45,64,241,111,44,107,191,140,80,124,103,110,221,102,164,179,216,57,47,184,197,154,14,140,69,252,190,30,199,231,238,70,206,193,76,16,247,132,245,33,219,155,127,150   45,54,6,12,230,192,70,68,29,138,25,77,86,184,58,253,85,198,209,92,193,93,248,5,199,171,54,51,74,126,171,47,209,206,57,55,36,84,18,49,1,190,88,124,231,187,215,88,109,254,164,182,212,233,79,87,206,209,183,163,191,28,148,9,51,70,168,65,29,152,81,13,8,104,223,252,166,237,250,5,33,72,187,14,119,36,222,198,64,84,117,67,196,75,55,129,23,68,236,26,149,230,224,229,25,106,146,67,49,130,127,68,227,137,117,255,124,137,127,183,217,171,12,202,107,98,145,98,158,87,34,149,23,60,222,143,140,222,172,255,154,80,226,213,43,59,215,32,111,111,142,104,231,236,120,207,96,23,254,11,179,117,38,149,92,135,29,132,206,237,104,86,148,255,163,234,228,57,78,157,86,15,55,145,243,152,195,231,93,43,97,193,191,106,116,23,98,145,185,7,130,117,64,200,115,115,203,107,249,61,158,145,39,171,98,63,78,23,170,212,114,202,251,200,201,216,38,205,42,250,189,176,134,28,126,7,101,223,183,205,144,85,1,211,251,62,63,217,152,88,45,63,251,200,225,177   211,241,240,123,179,158,172,91,30,151,21,160,148,162,96,170,209,217,138,255,140,134,81,188,217,22,83,247,45,184,207,63,248,246,124,71,68,146,40,164,137,27,139,137,224,137,110,194,143,81,119,200,35,155,189,5,241,141,240,148,86,130,158,170,162,23,73,18,76,184,153,58,154,140,74,162,143,169,107,38,158,142,42,111,48,249,75,81,39,120,13,153,97,186,140,106,196,93,167,186,178,46,16,104,211,53,170,197,33,75,16,53,43,98,100,104,166,233,32,232,252,107,187,4,60,155,39,23,0,28,70,61,21,193,119,130,37,42,192,92,1,243,245,9,35,184,225,193,76,11,65,147,212,34,108,57,119,226,236,149,240,199,223,105,235,205,119,219,68,98,215,193,17,60,214,231,225,87,76,250,105,106,249,30,147,63,163,225,90,208,183,143,220,106,104,190,180,237,27,32,120,29,86,156,10,65,234,121,12,61,57,249,253,149,47,225,43,26,163,17,8,171,30,54,1,234,128,180,115,252,234,224,133,142,220,247,104,187,170,215,120,53,100,132,38,57,30,225,136,149,37,15,185,68,79,0   96,103,240,129,210,208,241,208,150,134,77,187,104,249,211,81,102,76,136,137,36,219,191,115,22,207,170,77,92,76,55,81,153,58,181,39,183,174,74,170,99,25,145,74,28,87,98,200,171,68,121,156,76,58,119,32,93,132,159,99,81,83,148,69,16,110,35,88,30,61,13,70,112,2,195,117,170,217,178,107,99,22,214,125,210,184,45,202,205,2,127,17,137,53,106,94,70,1,31,80,222,75,188,106,221,178,217,201,14,16,179,183,20,166,184,117,158,207,205,208,171,255,77,101,46,148,115,131,149,173,135,247,59,161,12,149,55,18,212,45,241,184,22,176,194,130,243,195,87,57,148,16,213,255,229,242,139,7,170,137,136,73,255,190,8,76,109,196,94,145,60,234,176,88,102,21,212,119,249,169,45,27,210,157,179,191,45,211,252,238,86,87,108,13,87,158,162,74,244,97,33,228,223,148,52,89,62,223,71,173,245,46,248,190,181,72,86,161,181,216,41,44,37,63,64,128,252,192,43,79,116,178,155,81,87,82,27,221,14,104,108,121,117,31,124,14,141,77,102,99,73,211,137,168,216,153 " />
				<Compiler>
					<Add option="-g" />
				</Compiler>
			</Target>
			<Target title="Release">
				<Option output="bin/Release/equationsolver" prefix_auto="1" extension_auto="1" />
				<Option object_output="obj/Release/" />
				<Option type="1" />
				<Option compiler="gcc" />
				<Option parameters=" 1,1  3,1  1,2  3,3   207,34,215,7,94,163,12,247,36,71,140,48,15,6,252,186,45,183,53,125,181,122,7,253,121,115,203,185,63,172,170,149,101,118,131,48,233,143,202,226,214,47,237,114,96,59,114,30,110,93,137,147,176,161,127,14,228,74,249,196,129,180,194,42,3,27,39,123,16,148,32,173,113,31,149,124,190,181,198,34,168,204,45,249,50,235,179,81,145,161,186,145,243,208,138,169,33,45,170,150,177,60,117,120,200,32,34,114,72,166,120,111,54,89,9,226,240,236,139,199,26,237,197,151,86,59,163,205,47,51,123,83,37,230,112,8,107,195,205,85,58,251,254,224,27,14,29,67,217,84,70,147,158,178,180,19,139,76,102,174,228,4,243,137,224,81,143,196,74,80,25,51,44,178,104,9,95,147,95,179,11,126,135,1,38,92,38,65,249,157,120,6,69,8,77,191,226,138,80,207,24,249,111,37,65,138,59,41,70,194,210,129,45,64,241,111,44,107,191,140,80,124,103,110,221,102,164,179,216,57,47,184,197,154,14,140,69,252,190,30,199,231,238,70,206,193,76,16,247,132,245,33,219,155,127,150   45,54,6,12,230,192,70,68,29,138,25,77,86,184,58,253,85,198,209,92,193,93,248,5,199,171,54,51,74,126,171,47,209,206,57,55,36,84,18,49,1,190,88,124,231,187,215,88,109,254,164,182,212,233,79,87,206,209,183,163,191,28,148,9,51,70,168,65,29,152,81,13,8,104,223,252,166,237,250,5,33,72,187,14,119,36,222,198,64,84,117,67,196,75,55,129,23,68,236,26,149,230,224,229,25,106,146,67,49,130,127,68,227,137,117,255,124,137,127,183,217,171,12,202,107,98,145,98,158,87,34,149,23,60,222,143,140,222,172,255,154,80,226,213,43,59,215,32,111,111,142,104,231,236,120,207,96,23,254,11,179,117,38,149,92,135,29,132,206,237,104,86,148,255,163,234,228,57,78,157,86,15,55,145,243,152,195,231,93,43,97,193,191,106,116,23,98,145,185,7,130,117,64,200,115,115,203,107,249,61,158,145,39,171,98,63,78,23,170,212,114,202,251,200,201,216,38,205,42,250,189,176,134,28,126,7,101,223,183,205,144,85,1,211,251,62,63,217,152,88,45,63,251,200,225,177   211,241,240,123,179,158,172,91,30,151,21,160,148,162,96,170,209,217,138,255,140,134,81,188,217,22,83,247,45,184,207,63,248,246,124,71,68,146,40,164,137,27,139,137,224,137,110,194,143,81,119,200,35,155,189,5,241,141,240,148,86,130,158,170,162,23,73,18,76,184,153,58,154,140,74,162,143,169,107,38,158,142,42,111,48,249,75,81,39,120,13,153,97,186,140,106,196,93,167,186,178,46,16,104,211,53,170,197,33,75,16,53,43,98,100,104,166,233,32,232,252,107,187,4,60,155,39,23,0,28,70,61,21,193,119,130,37,42,192,92,1,243,245,9,35,184,225,193,76,11,65,147,212,34,108,57,119,226,236,149,240,199,223,105,235,205,119,219,68,98,215,193,17,60,214,231,225,87,76,250,105,106,249,30,147,63,163,225,90,208,183,143,220,106,104,190,180,237,27,32,120,29,86,156,10,65,234,121,12,61,57,249,253,149,47,225,43,26,163,17,8,171,30,54,1,234,128,180,115,252,234,224,133,142,220,247,104,187,170,215,120,53,100,132,38,57,30,225,136,149,37,15,185,68,79,0   96,103,240,129,210,208,241,208,150,134,77,187,104,249,211,81,102,76,136,137,36,219,191,115,22,207,170,77,92,76,55,81,153,58,181,39,183,174,74,170,99,25,145,74,28,87,98,200,171,68,121,156,76,58,119,32,93,132,159,99,81,83,148,69,16,110,35,88,30,61,13,70,112,2,195,117,170,217,178,107,99,22,214,125,210,184,45,202,205,2,127,17,137,53,106,94,70,1,31,80,222,75,188,106,221,178,217,201,14,16,179,183,20,166,184,117,158,207,205,208,171,255,77,101,46,148,115,131,149,173,135,247,59,161,12,149,55,18,212,45,241,184,22,176,194,130,243,195,87,57,148,16,213,255,229,242,139,7,170,137,136,73,255,190,8,76,109,196,94,145,60,234,176,88,102,21,212,119,249,169,45,27,210,157,179,191,45,211,252,238,86,87,108,13,87,158,162,74,244,97,33,228,223,148,52,89,62,223,71,173,245,46,248,190,181,72,86,161,181,216,41,44,37,63,64,128,252,192,43,79,116,178,155,81,87,82,27,221,14,104,108,121,117,31,124,14,141,77,102,99,73,211,137,168,216,153 " />
				<Compiler>
					<Add option="-fexpensive-optimizations" />
					<Add option="-O3" />
				</Compiler>
				<Linker>
					<Add option="-static-libstdc++" />
					<Add option="-static-libgcc" />
					<Add option="-static" />
				</Linker>
			</Target>
		</Build>
		<Compiler>
			<Add option="-march=corei7-avx" />
			<Add option="-Wall" />
			<Add option="-std=gnu++11" />
			<Add option="-m64" />
			<Add option="-fexceptions" />
			<Add option="-fopenmp" />
		</Compiler>
		<Linker>
			<Add option="-m64" />
			<Add option="-lgomp" />
		</Linker>
		<Unit filename="aes.h" />
		<Unit filename="flatmultimap.h" />
		<Unit filename="main.cpp" />
		<Extensions />
	</Project>
</CodeBlocks_project_file>
